
Microsoft Visual Studio Solution File, Format Version 11.00
# Visual Studio 2010
Project("{FAE04EC0-301F-11D3-BF4B-00C04F79EFBC}") = "Assembly-CSharp", "Assembly-CSharp.csproj", "{61CB3BB2-E6AD-BDF5-3BA1-83123CB9A05A}"
EndProject
Project("{FAE04EC0-301F-11D3-BF4B-00C04F79EFBC}") = "Assembly-CSharp-Editor", "Assembly-CSharp-Editor.csproj", "{BED7A614-65A6-6D97-B53F-C842C377298E}"
EndProject
Project("{FAE04EC0-301F-11D3-BF4B-00C04F79EFBC}") = "Assembly-CSharp-Editor-firstpass", "Assembly-CSharp-Editor-firstpass.csproj", "{3EBBD521-656D-0DE7-DFEC-85DFFB87C0E7}"
EndProject
Global
	GlobalSection(SolutionConfigurationPlatforms) = preSolution
		Debug|Any CPU = Debug|Any CPU
		Release|Any CPU = Release|Any CPU
	EndGlobalSection
	GlobalSection(ProjectConfigurationPlatforms) = postSolution
		{61CB3BB2-E6AD-BDF5-3BA1-83123CB9A05A}.Debug|Any CPU.ActiveCfg = Debug|Any CPU
		{61CB3BB2-E6AD-BDF5-3BA1-83123CB9A05A}.Debug|Any CPU.Build.0 = Debug|Any CPU
		{61CB3BB2-E6AD-BDF5-3BA1-83123CB9A05A}.Release|Any CPU.ActiveCfg = Release|Any CPU
		{61CB3BB2-E6AD-BDF5-3BA1-83123CB9A05A}.Release|Any CPU.Build.0 = Release|Any CPU
		{BED7A614-65A6-6D97-B53F-C842C377298E}.Debug|Any CPU.ActiveCfg = Debug|Any CPU
		{BED7A614-65A6-6D97-B53F-C842C377298E}.Debug|Any CPU.Build.0 = Debug|Any CPU
		{BED7A614-65A6-6D97-B53F-C842C377298E}.Release|Any CPU.ActiveCfg = Release|Any CPU
		{BED7A614-65A6-6D97-B53F-C842C377298E}.Release|Any CPU.Build.0 = Release|Any CPU
		{3EBBD521-656D-0DE7-DFEC-85DFFB87C0E7}.Debug|Any CPU.ActiveCfg = Debug|Any CPU
		{3EBBD521-656D-0DE7-DFEC-85DFFB87C0E7}.Debug|Any CPU.Build.0 = Debug|Any CPU
		{3EBBD521-656D-0DE7-DFEC-85DFFB87C0E7}.Release|Any CPU.ActiveCfg = Release|Any CPU
		{3EBBD521-656D-0DE7-DFEC-85DFFB87C0E7}.Release|Any CPU.Build.0 = Release|Any CPU
	EndGlobalSection
	GlobalSection(SolutionProperties) = preSolution
		HideSolutionNode = FALSE
	EndGlobalSection
EndGlobal
